
Microsoft Visual Studio Solution File, Format Version 12.00
# Visual Studio 15
VisualStudioVersion = 15.0.28010.2016
MinimumVisualStudioVersion = 10.0.40219.1
Project("{FAE04EC0-301F-11D3-BF4B-00C04F79EFBC}") = "ExercisePerson", "ExercisePerson\ExercisePerson.csproj", "{FDAF95D3-DA07-413D-9A7B-A8C0433AF3F5}"
EndProject
Global
	GlobalSection(SolutionConfigurationPlatforms) = preSolution
		Debug|Any CPU = Debug|Any CPU
		Release|Any CPU = Release|Any CPU
	EndGlobalSection
	GlobalSection(ProjectConfigurationPlatforms) = postSolution
		{FDAF95D3-DA07-413D-9A7B-A8C0433AF3F5}.Debug|Any CPU.ActiveCfg = Debug|Any CPU
		{FDAF95D3-DA07-413D-9A7B-A8C0433AF3F5}.Debug|Any CPU.Build.0 = Debug|Any CPU
		{FDAF95D3-DA07-413D-9A7B-A8C0433AF3F5}.Release|Any CPU.ActiveCfg = Release|Any CPU
		{FDAF95D3-DA07-413D-9A7B-A8C0433AF3F5}.Release|Any CPU.Build.0 = Release|Any CPU
	EndGlobalSection
	GlobalSection(SolutionProperties) = preSolution
		HideSolutionNode = FALSE
	EndGlobalSection
	GlobalSection(ExtensibilityGlobals) = postSolution
		SolutionGuid = {A1AD5274-AEA6-4FA1-8603-A5CBCCE11745}
	EndGlobalSection
EndGlobal
